
Microsoft Visual Studio Solution File, Format Version 12.00
# Visual Studio Version 16
VisualStudioVersion = 16.0.30104.148
MinimumVisualStudioVersion = 10.0.40219.1
Project("{9A19103F-16F7-4668-BE54-9A1E7A4F7556}") = "TechChallenge.WebApi", "TechChallenge.WebApi\TechChallenge.WebApi.csproj", "{6B7A6ABE-6015-4703-B8EF-C3CE0A9B539D}"
EndProject
Project("{9A19103F-16F7-4668-BE54-9A1E7A4F7556}") = "TechChallenge.Domain", "TechChallenge.CQRS\TechChallenge.Domain.csproj", "{78E390EE-78DE-4EFC-984F-B5538F39ABFF}"
EndProject
Project("{9A19103F-16F7-4668-BE54-9A1E7A4F7556}") = "TechChallenge.Data", "TechChallenge.Data\TechChallenge.Data.csproj", "{FA64D765-AE52-4209-9FA6-00180775C080}"
EndProject
Project("{2150E333-8FDC-42A3-9474-1A3956D46DE8}") = "Scripts", "Scripts", "{D6E6C613-36F7-48D9-9EAB-B87B56DB1853}"
	ProjectSection(SolutionItems) = preProject
		docker\mysql\db_init.mysql = docker\mysql\db_init.mysql
		docker\mysql\init.sql = docker\mysql\init.sql
	EndProjectSection
EndProject
Project("{E53339B2-1760-4266-BCC7-CA923CBCF16C}") = "docker-compose", "docker-compose.dcproj", "{F2080B25-74DC-4609-B438-F7DCA8188B0B}"
EndProject
Project("{9A19103F-16F7-4668-BE54-9A1E7A4F7556}") = "TechChallenge.Infrastructure", "TechChallenge.Infrastructure\TechChallenge.Infrastructure.csproj", "{C073B3D4-122D-4930-8316-351967B51CFA}"
EndProject
Project("{FAE04EC0-301F-11D3-BF4B-00C04F79EFBC}") = "TechChallenge.Infrastructure.Tests", "TechChallenge.Infrastructure.Tests\TechChallenge.Infrastructure.Tests.csproj", "{A848C227-C095-4676-A64F-98DDBACF88E0}"
EndProject
Project("{FAE04EC0-301F-11D3-BF4B-00C04F79EFBC}") = "TechChallenge.Domain.Tests", "TechChallenge.Domain.Tests\TechChallenge.Domain.Tests.csproj", "{81D83C65-8ACF-483E-9EDA-B0B22540DE9C}"
EndProject
Global
	GlobalSection(SolutionConfigurationPlatforms) = preSolution
		Debug|Any CPU = Debug|Any CPU
		Release|Any CPU = Release|Any CPU
	EndGlobalSection
	GlobalSection(ProjectConfigurationPlatforms) = postSolution
		{6B7A6ABE-6015-4703-B8EF-C3CE0A9B539D}.Debug|Any CPU.ActiveCfg = Debug|Any CPU
		{6B7A6ABE-6015-4703-B8EF-C3CE0A9B539D}.Debug|Any CPU.Build.0 = Debug|Any CPU
		{6B7A6ABE-6015-4703-B8EF-C3CE0A9B539D}.Release|Any CPU.ActiveCfg = Release|Any CPU
		{6B7A6ABE-6015-4703-B8EF-C3CE0A9B539D}.Release|Any CPU.Build.0 = Release|Any CPU
		{78E390EE-78DE-4EFC-984F-B5538F39ABFF}.Debug|Any CPU.ActiveCfg = Debug|Any CPU
		{78E390EE-78DE-4EFC-984F-B5538F39ABFF}.Debug|Any CPU.Build.0 = Debug|Any CPU
		{78E390EE-78DE-4EFC-984F-B5538F39ABFF}.Release|Any CPU.ActiveCfg = Release|Any CPU
		{78E390EE-78DE-4EFC-984F-B5538F39ABFF}.Release|Any CPU.Build.0 = Release|Any CPU
		{FA64D765-AE52-4209-9FA6-00180775C080}.Debug|Any CPU.ActiveCfg = Debug|Any CPU
		{FA64D765-AE52-4209-9FA6-00180775C080}.Debug|Any CPU.Build.0 = Debug|Any CPU
		{FA64D765-AE52-4209-9FA6-00180775C080}.Release|Any CPU.ActiveCfg = Release|Any CPU
		{FA64D765-AE52-4209-9FA6-00180775C080}.Release|Any CPU.Build.0 = Release|Any CPU
		{F2080B25-74DC-4609-B438-F7DCA8188B0B}.Debug|Any CPU.ActiveCfg = Debug|Any CPU
		{F2080B25-74DC-4609-B438-F7DCA8188B0B}.Debug|Any CPU.Build.0 = Debug|Any CPU
		{F2080B25-74DC-4609-B438-F7DCA8188B0B}.Release|Any CPU.ActiveCfg = Release|Any CPU
		{F2080B25-74DC-4609-B438-F7DCA8188B0B}.Release|Any CPU.Build.0 = Release|Any CPU
		{C073B3D4-122D-4930-8316-351967B51CFA}.Debug|Any CPU.ActiveCfg = Debug|Any CPU
		{C073B3D4-122D-4930-8316-351967B51CFA}.Debug|Any CPU.Build.0 = Debug|Any CPU
		{C073B3D4-122D-4930-8316-351967B51CFA}.Release|Any CPU.ActiveCfg = Release|Any CPU
		{C073B3D4-122D-4930-8316-351967B51CFA}.Release|Any CPU.Build.0 = Release|Any CPU
		{A848C227-C095-4676-A64F-98DDBACF88E0}.Debug|Any CPU.ActiveCfg = Debug|Any CPU
		{A848C227-C095-4676-A64F-98DDBACF88E0}.Debug|Any CPU.Build.0 = Debug|Any CPU
		{A848C227-C095-4676-A64F-98DDBACF88E0}.Release|Any CPU.ActiveCfg = Release|Any CPU
		{A848C227-C095-4676-A64F-98DDBACF88E0}.Release|Any CPU.Build.0 = Release|Any CPU
		{81D83C65-8ACF-483E-9EDA-B0B22540DE9C}.Debug|Any CPU.ActiveCfg = Debug|Any CPU
		{81D83C65-8ACF-483E-9EDA-B0B22540DE9C}.Debug|Any CPU.Build.0 = Debug|Any CPU
		{81D83C65-8ACF-483E-9EDA-B0B22540DE9C}.Release|Any CPU.ActiveCfg = Release|Any CPU
		{81D83C65-8ACF-483E-9EDA-B0B22540DE9C}.Release|Any CPU.Build.0 = Release|Any CPU
	EndGlobalSection
	GlobalSection(SolutionProperties) = preSolution
		HideSolutionNode = FALSE
	EndGlobalSection
	GlobalSection(ExtensibilityGlobals) = postSolution
		SolutionGuid = {23A4DA8B-0D1E-4A94-9D7D-E1B18D8F3F57}
	EndGlobalSection
EndGlobal
